
Microsoft Visual Studio Solution File, Format Version 12.00
# Visual Studio Version 17
VisualStudioVersion = 17.4.33122.133
MinimumVisualStudioVersion = 10.0.40219.1
Project("{9A19103F-16F7-4668-BE54-9A1E7A4F7556}") = "Hx.Common", "NetCore\Hx.Common\Hx.Common.csproj", "{C31204CE-ED57-47CF-B26C-0F60B94781F0}"
EndProject
Project("{2150E333-8FDC-42A3-9474-1A3956D46DE8}") = "NetCore", "NetCore", "{079D3BE6-8111-4A75-8044-C1049F87CCA5}"
EndProject
Project("{2150E333-8FDC-42A3-9474-1A3956D46DE8}") = "NetFramework", "NetFramework", "{23BAB2C0-CA56-438E-B42B-666E8CDD06A4}"
EndProject
Project("{FAE04EC0-301F-11D3-BF4B-00C04F79EFBC}") = "Hx.Sdk.NetFramework.Cache", "NetFramework\Hx.Sdk.NetFramework.Cache\Hx.Sdk.NetFramework.Cache.csproj", "{B368078A-04EB-4823-A8B2-B31A22A2654A}"
EndProject
Project("{FAE04EC0-301F-11D3-BF4B-00C04F79EFBC}") = "Hx.Sdk.NetFramework.Core", "NetFramework\Hx.Sdk.NetFramework.Core\Hx.Sdk.NetFramework.Core.csproj", "{839548BE-166F-4A43-A06A-1B3283ED9070}"
EndProject
Project("{FAE04EC0-301F-11D3-BF4B-00C04F79EFBC}") = "Hx.Sdk.NetFramework.Web", "NetFramework\Hx.Sdk.NetFramework.Web\Hx.Sdk.NetFramework.Web.csproj", "{9C70FC10-95F6-4221-A867-A328B144A1B4}"
EndProject
Project("{FAE04EC0-301F-11D3-BF4B-00C04F79EFBC}") = "Hx.Sdk.NetFramework.Logs", "NetFramework\Hx.Sdk.NetFramework.Logs\Hx.Sdk.NetFramework.Logs.csproj", "{19194E76-F9C9-44EC-94E1-FDFA46B8BE24}"
EndProject
Project("{9A19103F-16F7-4668-BE54-9A1E7A4F7556}") = "Hx.Sdk.Core", "NetCore\Hx.Sdk.Core\Hx.Sdk.Core.csproj", "{FB810313-7542-4553-A95B-322321A8D7BD}"
EndProject
Project("{9A19103F-16F7-4668-BE54-9A1E7A4F7556}") = "Hx.Cache", "NetCore\Hx.Cache\Hx.Cache.csproj", "{B128601D-1FF0-4183-B5DD-B369C3DE8D1C}"
EndProject
Project("{2150E333-8FDC-42A3-9474-1A3956D46DE8}") = "Test", "Test", "{19DB3EAC-9F3C-44E9-B875-D6AD032AC5B7}"
EndProject
Project("{9A19103F-16F7-4668-BE54-9A1E7A4F7556}") = "Hx.WebApi", "NetCore\Hx.WebApi\Hx.WebApi.csproj", "{EC3DCAB5-4310-423B-B865-8DE2915D730D}"
EndProject
Project("{9A19103F-16F7-4668-BE54-9A1E7A4F7556}") = "Hx.ImageSharp", "NetCore\Hx.ImageSharp\Hx.ImageSharp.csproj", "{5166068A-A564-447E-A2A1-E57DA3E70915}"
EndProject
Project("{9A19103F-16F7-4668-BE54-9A1E7A4F7556}") = "Starshine.Swagger", "NetCore\Hx.Swagger\Starshine.Swagger.csproj", "{84801B20-AC34-490E-AF4A-6EA12E7EF38A}"
EndProject
Project("{9A19103F-16F7-4668-BE54-9A1E7A4F7556}") = "Hx.DatabaseAccessor", "NetCore\Hx.DatabaseAccessor\Hx.DatabaseAccessor.csproj", "{C4536EDC-9109-491E-A81B-6C827F9F9AA5}"
EndProject
Project("{9A19103F-16F7-4668-BE54-9A1E7A4F7556}") = "Hx.EventBus", "NetCore\Hx.EventBus\Hx.EventBus.csproj", "{354C37A5-1909-48DE-BF3A-627202909020}"
EndProject
Project("{9A19103F-16F7-4668-BE54-9A1E7A4F7556}") = "Hx.EntityFrameworkCore", "NetCore\Hx.EntityFrameworkCore\Hx.EntityFrameworkCore.csproj", "{ED9BC008-EBB2-40F6-A68B-0695A4AAF43C}"
EndProject
Project("{9A19103F-16F7-4668-BE54-9A1E7A4F7556}") = "Hx.Sqlsugar", "NetCore\Hx.Sqlsugar\Hx.Sqlsugar.csproj", "{84574EFE-33E6-42D7-BADC-6739415232CA}"
EndProject
Project("{2150E333-8FDC-42A3-9474-1A3956D46DE8}") = "Solution Items", "Solution Items", "{B0A36276-CEE7-4DB8-B70C-B171B91212A7}"
	ProjectSection(SolutionItems) = preProject
		.editorconfig = .editorconfig
	EndProjectSection
EndProject
Project("{9A19103F-16F7-4668-BE54-9A1E7A4F7556}") = "Hx.Test.Entity", "NetCore\Hx.Test.Entity\Hx.Test.Entity.csproj", "{74994D04-0195-4C54-8DE7-5BF851A8753C}"
EndProject
Project("{FAE04EC0-301F-11D3-BF4B-00C04F79EFBC}") = "Starshine", "Starshine\Starshine.csproj", "{7E514609-D7D5-412C-ADBD-9CCB09A903C8}"
EndProject
Global
	GlobalSection(SolutionConfigurationPlatforms) = preSolution
		Debug|Any CPU = Debug|Any CPU
		Release|Any CPU = Release|Any CPU
	EndGlobalSection
	GlobalSection(ProjectConfigurationPlatforms) = postSolution
		{C31204CE-ED57-47CF-B26C-0F60B94781F0}.Debug|Any CPU.ActiveCfg = Debug|Any CPU
		{C31204CE-ED57-47CF-B26C-0F60B94781F0}.Debug|Any CPU.Build.0 = Debug|Any CPU
		{C31204CE-ED57-47CF-B26C-0F60B94781F0}.Release|Any CPU.ActiveCfg = Release|Any CPU
		{C31204CE-ED57-47CF-B26C-0F60B94781F0}.Release|Any CPU.Build.0 = Release|Any CPU
		{B368078A-04EB-4823-A8B2-B31A22A2654A}.Debug|Any CPU.ActiveCfg = Debug|Any CPU
		{B368078A-04EB-4823-A8B2-B31A22A2654A}.Debug|Any CPU.Build.0 = Debug|Any CPU
		{B368078A-04EB-4823-A8B2-B31A22A2654A}.Release|Any CPU.ActiveCfg = Release|Any CPU
		{B368078A-04EB-4823-A8B2-B31A22A2654A}.Release|Any CPU.Build.0 = Release|Any CPU
		{839548BE-166F-4A43-A06A-1B3283ED9070}.Debug|Any CPU.ActiveCfg = Debug|Any CPU
		{839548BE-166F-4A43-A06A-1B3283ED9070}.Debug|Any CPU.Build.0 = Debug|Any CPU
		{839548BE-166F-4A43-A06A-1B3283ED9070}.Release|Any CPU.ActiveCfg = Release|Any CPU
		{839548BE-166F-4A43-A06A-1B3283ED9070}.Release|Any CPU.Build.0 = Release|Any CPU
		{9C70FC10-95F6-4221-A867-A328B144A1B4}.Debug|Any CPU.ActiveCfg = Debug|Any CPU
		{9C70FC10-95F6-4221-A867-A328B144A1B4}.Debug|Any CPU.Build.0 = Debug|Any CPU
		{9C70FC10-95F6-4221-A867-A328B144A1B4}.Release|Any CPU.ActiveCfg = Release|Any CPU
		{9C70FC10-95F6-4221-A867-A328B144A1B4}.Release|Any CPU.Build.0 = Release|Any CPU
		{19194E76-F9C9-44EC-94E1-FDFA46B8BE24}.Debug|Any CPU.ActiveCfg = Debug|Any CPU
		{19194E76-F9C9-44EC-94E1-FDFA46B8BE24}.Debug|Any CPU.Build.0 = Debug|Any CPU
		{19194E76-F9C9-44EC-94E1-FDFA46B8BE24}.Release|Any CPU.ActiveCfg = Release|Any CPU
		{19194E76-F9C9-44EC-94E1-FDFA46B8BE24}.Release|Any CPU.Build.0 = Release|Any CPU
		{FB810313-7542-4553-A95B-322321A8D7BD}.Debug|Any CPU.ActiveCfg = Debug|Any CPU
		{FB810313-7542-4553-A95B-322321A8D7BD}.Debug|Any CPU.Build.0 = Debug|Any CPU
		{FB810313-7542-4553-A95B-322321A8D7BD}.Release|Any CPU.ActiveCfg = Release|Any CPU
		{FB810313-7542-4553-A95B-322321A8D7BD}.Release|Any CPU.Build.0 = Release|Any CPU
		{B128601D-1FF0-4183-B5DD-B369C3DE8D1C}.Debug|Any CPU.ActiveCfg = Debug|Any CPU
		{B128601D-1FF0-4183-B5DD-B369C3DE8D1C}.Debug|Any CPU.Build.0 = Debug|Any CPU
		{B128601D-1FF0-4183-B5DD-B369C3DE8D1C}.Release|Any CPU.ActiveCfg = Release|Any CPU
		{B128601D-1FF0-4183-B5DD-B369C3DE8D1C}.Release|Any CPU.Build.0 = Release|Any CPU
		{EC3DCAB5-4310-423B-B865-8DE2915D730D}.Debug|Any CPU.ActiveCfg = Debug|Any CPU
		{EC3DCAB5-4310-423B-B865-8DE2915D730D}.Debug|Any CPU.Build.0 = Debug|Any CPU
		{EC3DCAB5-4310-423B-B865-8DE2915D730D}.Release|Any CPU.ActiveCfg = Release|Any CPU
		{EC3DCAB5-4310-423B-B865-8DE2915D730D}.Release|Any CPU.Build.0 = Release|Any CPU
		{5166068A-A564-447E-A2A1-E57DA3E70915}.Debug|Any CPU.ActiveCfg = Debug|Any CPU
		{5166068A-A564-447E-A2A1-E57DA3E70915}.Debug|Any CPU.Build.0 = Debug|Any CPU
		{5166068A-A564-447E-A2A1-E57DA3E70915}.Release|Any CPU.ActiveCfg = Release|Any CPU
		{5166068A-A564-447E-A2A1-E57DA3E70915}.Release|Any CPU.Build.0 = Release|Any CPU
		{84801B20-AC34-490E-AF4A-6EA12E7EF38A}.Debug|Any CPU.ActiveCfg = Debug|Any CPU
		{84801B20-AC34-490E-AF4A-6EA12E7EF38A}.Debug|Any CPU.Build.0 = Debug|Any CPU
		{84801B20-AC34-490E-AF4A-6EA12E7EF38A}.Release|Any CPU.ActiveCfg = Release|Any CPU
		{84801B20-AC34-490E-AF4A-6EA12E7EF38A}.Release|Any CPU.Build.0 = Release|Any CPU
		{C4536EDC-9109-491E-A81B-6C827F9F9AA5}.Debug|Any CPU.ActiveCfg = Debug|Any CPU
		{C4536EDC-9109-491E-A81B-6C827F9F9AA5}.Debug|Any CPU.Build.0 = Debug|Any CPU
		{C4536EDC-9109-491E-A81B-6C827F9F9AA5}.Release|Any CPU.ActiveCfg = Release|Any CPU
		{C4536EDC-9109-491E-A81B-6C827F9F9AA5}.Release|Any CPU.Build.0 = Release|Any CPU
		{354C37A5-1909-48DE-BF3A-627202909020}.Debug|Any CPU.ActiveCfg = Debug|Any CPU
		{354C37A5-1909-48DE-BF3A-627202909020}.Debug|Any CPU.Build.0 = Debug|Any CPU
		{354C37A5-1909-48DE-BF3A-627202909020}.Release|Any CPU.ActiveCfg = Release|Any CPU
		{354C37A5-1909-48DE-BF3A-627202909020}.Release|Any CPU.Build.0 = Release|Any CPU
		{ED9BC008-EBB2-40F6-A68B-0695A4AAF43C}.Debug|Any CPU.ActiveCfg = Debug|Any CPU
		{ED9BC008-EBB2-40F6-A68B-0695A4AAF43C}.Debug|Any CPU.Build.0 = Debug|Any CPU
		{ED9BC008-EBB2-40F6-A68B-0695A4AAF43C}.Release|Any CPU.ActiveCfg = Release|Any CPU
		{ED9BC008-EBB2-40F6-A68B-0695A4AAF43C}.Release|Any CPU.Build.0 = Release|Any CPU
		{84574EFE-33E6-42D7-BADC-6739415232CA}.Debug|Any CPU.ActiveCfg = Debug|Any CPU
		{84574EFE-33E6-42D7-BADC-6739415232CA}.Debug|Any CPU.Build.0 = Debug|Any CPU
		{84574EFE-33E6-42D7-BADC-6739415232CA}.Release|Any CPU.ActiveCfg = Release|Any CPU
		{84574EFE-33E6-42D7-BADC-6739415232CA}.Release|Any CPU.Build.0 = Release|Any CPU
		{74994D04-0195-4C54-8DE7-5BF851A8753C}.Debug|Any CPU.ActiveCfg = Debug|Any CPU
		{74994D04-0195-4C54-8DE7-5BF851A8753C}.Debug|Any CPU.Build.0 = Debug|Any CPU
		{74994D04-0195-4C54-8DE7-5BF851A8753C}.Release|Any CPU.ActiveCfg = Release|Any CPU
		{74994D04-0195-4C54-8DE7-5BF851A8753C}.Release|Any CPU.Build.0 = Release|Any CPU
		{7E514609-D7D5-412C-ADBD-9CCB09A903C8}.Debug|Any CPU.ActiveCfg = Debug|Any CPU
		{7E514609-D7D5-412C-ADBD-9CCB09A903C8}.Debug|Any CPU.Build.0 = Debug|Any CPU
		{7E514609-D7D5-412C-ADBD-9CCB09A903C8}.Release|Any CPU.ActiveCfg = Release|Any CPU
		{7E514609-D7D5-412C-ADBD-9CCB09A903C8}.Release|Any CPU.Build.0 = Release|Any CPU
	EndGlobalSection
	GlobalSection(SolutionProperties) = preSolution
		HideSolutionNode = FALSE
	EndGlobalSection
	GlobalSection(NestedProjects) = preSolution
		{B368078A-04EB-4823-A8B2-B31A22A2654A} = {23BAB2C0-CA56-438E-B42B-666E8CDD06A4}
		{839548BE-166F-4A43-A06A-1B3283ED9070} = {23BAB2C0-CA56-438E-B42B-666E8CDD06A4}
		{9C70FC10-95F6-4221-A867-A328B144A1B4} = {23BAB2C0-CA56-438E-B42B-666E8CDD06A4}
		{19194E76-F9C9-44EC-94E1-FDFA46B8BE24} = {23BAB2C0-CA56-438E-B42B-666E8CDD06A4}
		{FB810313-7542-4553-A95B-322321A8D7BD} = {079D3BE6-8111-4A75-8044-C1049F87CCA5}
		{B128601D-1FF0-4183-B5DD-B369C3DE8D1C} = {079D3BE6-8111-4A75-8044-C1049F87CCA5}
		{EC3DCAB5-4310-423B-B865-8DE2915D730D} = {19DB3EAC-9F3C-44E9-B875-D6AD032AC5B7}
		{5166068A-A564-447E-A2A1-E57DA3E70915} = {079D3BE6-8111-4A75-8044-C1049F87CCA5}
		{C4536EDC-9109-491E-A81B-6C827F9F9AA5} = {079D3BE6-8111-4A75-8044-C1049F87CCA5}
		{354C37A5-1909-48DE-BF3A-627202909020} = {079D3BE6-8111-4A75-8044-C1049F87CCA5}
		{ED9BC008-EBB2-40F6-A68B-0695A4AAF43C} = {079D3BE6-8111-4A75-8044-C1049F87CCA5}
		{84574EFE-33E6-42D7-BADC-6739415232CA} = {079D3BE6-8111-4A75-8044-C1049F87CCA5}
		{74994D04-0195-4C54-8DE7-5BF851A8753C} = {19DB3EAC-9F3C-44E9-B875-D6AD032AC5B7}
	EndGlobalSection
	GlobalSection(ExtensibilityGlobals) = postSolution
		SolutionGuid = {D3A06E77-0544-416C-8374-B89A2A7AE3DA}
	EndGlobalSection
EndGlobal
